// !$*UTF8*$!
{
	archiveVersion = 1;
	classes = {
	};
	objectVersion = 51;
	objects = {

/* Begin PBXBuildFile section */
		75E51F968D534DE1E747A685 /* Pods_RJBilibili.framework in Frameworks */ = {isa = PBXBuildFile; fileRef = B9ADB011A056881D699FCEEF /* Pods_RJBilibili.framework */; };
		BF2B45922598C1E8001581F3 /* HomeViewController.swift in Sources */ = {isa = PBXBuildFile; fileRef = BF2B45912598C1E8001581F3 /* HomeViewController.swift */; };
		BF2B459D2598C217001581F3 /* ChannelViewController.swift in Sources */ = {isa = PBXBuildFile; fileRef = BF2B459C2598C217001581F3 /* ChannelViewController.swift */; };
		BF2B45A22598C21D001581F3 /* TrendViewController.swift in Sources */ = {isa = PBXBuildFile; fileRef = BF2B45A12598C21D001581F3 /* TrendViewController.swift */; };
		BF2B45A72598C228001581F3 /* ShoppingViewController.swift in Sources */ = {isa = PBXBuildFile; fileRef = BF2B45A62598C228001581F3 /* ShoppingViewController.swift */; };
		BF2B45AC2598C22E001581F3 /* MyViewController.swift in Sources */ = {isa = PBXBuildFile; fileRef = BF2B45AB2598C22E001581F3 /* MyViewController.swift */; };
		BF66796F25A2AD0D00341474 /* HotViewController.swift in Sources */ = {isa = PBXBuildFile; fileRef = BF66796E25A2AD0D00341474 /* HotViewController.swift */; };
		BF779FEA25A2F8E300F6ED6B /* HotTableViewCell.swift in Sources */ = {isa = PBXBuildFile; fileRef = BF779FE925A2F8E300F6ED6B /* HotTableViewCell.swift */; };
		BF779FEF25A2FD2200F6ED6B /* HotTableViewHeaderView.swift in Sources */ = {isa = PBXBuildFile; fileRef = BF779FEE25A2FD2200F6ED6B /* HotTableViewHeaderView.swift */; };
		BF779FFC25A303C500F6ED6B /* UIView+Frame.swift in Sources */ = {isa = PBXBuildFile; fileRef = BF779FFB25A303C500F6ED6B /* UIView+Frame.swift */; };
		BF8E88D7259DCC6200C25EEF /* AppMacro.swift in Sources */ = {isa = PBXBuildFile; fileRef = BF8E88D6259DCC6200C25EEF /* AppMacro.swift */; };
		BF9AB98A259B0F070008E8C1 /* ServeCollectionViewCell.swift in Sources */ = {isa = PBXBuildFile; fileRef = BF9AB989259B0F070008E8C1 /* ServeCollectionViewCell.swift */; };
		BF9AB998259B1E9C0008E8C1 /* ServeCollectionHeaderView.swift in Sources */ = {isa = PBXBuildFile; fileRef = BF9AB997259B1E9C0008E8C1 /* ServeCollectionHeaderView.swift */; };
		BFBE76922598BE4B00EA0BF9 /* MainTabBarViewController.swift in Sources */ = {isa = PBXBuildFile; fileRef = BFBE76912598BE4B00EA0BF9 /* MainTabBarViewController.swift */; };
		BFF2CE352598BB5E00155F4F /* AppDelegate.swift in Sources */ = {isa = PBXBuildFile; fileRef = BFF2CE342598BB5E00155F4F /* AppDelegate.swift */; };
		BFF2CE392598BB5E00155F4F /* ViewController.swift in Sources */ = {isa = PBXBuildFile; fileRef = BFF2CE382598BB5E00155F4F /* ViewController.swift */; };
		BFF2CE3C2598BB5E00155F4F /* Main.storyboard in Resources */ = {isa = PBXBuildFile; fileRef = BFF2CE3A2598BB5E00155F4F /* Main.storyboard */; };
		BFF2CE3E2598BB5F00155F4F /* Assets.xcassets in Resources */ = {isa = PBXBuildFile; fileRef = BFF2CE3D2598BB5F00155F4F /* Assets.xcassets */; };
		BFF2CE412598BB5F00155F4F /* LaunchScreen.storyboard in Resources */ = {isa = PBXBuildFile; fileRef = BFF2CE3F2598BB5F00155F4F /* LaunchScreen.storyboard */; };
		BFF2CE4C2598BB6000155F4F /* RJBilibiliTests.swift in Sources */ = {isa = PBXBuildFile; fileRef = BFF2CE4B2598BB6000155F4F /* RJBilibiliTests.swift */; };
		BFF2CE572598BB6000155F4F /* RJBilibiliUITests.swift in Sources */ = {isa = PBXBuildFile; fileRef = BFF2CE562598BB6000155F4F /* RJBilibiliUITests.swift */; };
/* End PBXBuildFile section */

/* Begin PBXContainerItemProxy section */
		BFF2CE482598BB6000155F4F /* PBXContainerItemProxy */ = {
			isa = PBXContainerItemProxy;
			containerPortal = BFF2CE292598BB5E00155F4F /* Project object */;
			proxyType = 1;
			remoteGlobalIDString = BFF2CE302598BB5E00155F4F;
			remoteInfo = RJBilibili;
		};
		BFF2CE532598BB6000155F4F /* PBXContainerItemProxy */ = {
			isa = PBXContainerItemProxy;
			containerPortal = BFF2CE292598BB5E00155F4F /* Project object */;
			proxyType = 1;
			remoteGlobalIDString = BFF2CE302598BB5E00155F4F;
			remoteInfo = RJBilibili;
		};
/* End PBXContainerItemProxy section */

/* Begin PBXFileReference section */
		68E2CC6002A2CE6D335E4D7F /* Pods-RJBilibili.debug.xcconfig */ = {isa = PBXFileReference; includeInIndex = 1; lastKnownFileType = text.xcconfig; name = "Pods-RJBilibili.debug.xcconfig"; path = "Target Support Files/Pods-RJBilibili/Pods-RJBilibili.debug.xcconfig"; sourceTree = "<group>"; };
		B9ADB011A056881D699FCEEF /* Pods_RJBilibili.framework */ = {isa = PBXFileReference; explicitFileType = wrapper.framework; includeInIndex = 0; path = Pods_RJBilibili.framework; sourceTree = BUILT_PRODUCTS_DIR; };
		BF2B45912598C1E8001581F3 /* HomeViewController.swift */ = {isa = PBXFileReference; lastKnownFileType = sourcecode.swift; path = HomeViewController.swift; sourceTree = "<group>"; };
		BF2B459C2598C217001581F3 /* ChannelViewController.swift */ = {isa = PBXFileReference; lastKnownFileType = sourcecode.swift; path = ChannelViewController.swift; sourceTree = "<group>"; };
		BF2B45A12598C21D001581F3 /* TrendViewController.swift */ = {isa = PBXFileReference; lastKnownFileType = sourcecode.swift; path = TrendViewController.swift; sourceTree = "<group>"; };
		BF2B45A62598C228001581F3 /* ShoppingViewController.swift */ = {isa = PBXFileReference; lastKnownFileType = sourcecode.swift; path = ShoppingViewController.swift; sourceTree = "<group>"; };
		BF2B45AB2598C22E001581F3 /* MyViewController.swift */ = {isa = PBXFileReference; lastKnownFileType = sourcecode.swift; path = MyViewController.swift; sourceTree = "<group>"; };
		BF66796E25A2AD0D00341474 /* HotViewController.swift */ = {isa = PBXFileReference; lastKnownFileType = sourcecode.swift; path = HotViewController.swift; sourceTree = "<group>"; };
		BF779FE925A2F8E300F6ED6B /* HotTableViewCell.swift */ = {isa = PBXFileReference; lastKnownFileType = sourcecode.swift; path = HotTableViewCell.swift; sourceTree = "<group>"; };
		BF779FEE25A2FD2200F6ED6B /* HotTableViewHeaderView.swift */ = {isa = PBXFileReference; lastKnownFileType = sourcecode.swift; path = HotTableViewHeaderView.swift; sourceTree = "<group>"; };
		BF779FFB25A303C500F6ED6B /* UIView+Frame.swift */ = {isa = PBXFileReference; lastKnownFileType = sourcecode.swift; path = "UIView+Frame.swift"; sourceTree = "<group>"; };
		BF8E88D6259DCC6200C25EEF /* AppMacro.swift */ = {isa = PBXFileReference; lastKnownFileType = sourcecode.swift; path = AppMacro.swift; sourceTree = "<group>"; };
		BF9AB989259B0F070008E8C1 /* ServeCollectionViewCell.swift */ = {isa = PBXFileReference; lastKnownFileType = sourcecode.swift; path = ServeCollectionViewCell.swift; sourceTree = "<group>"; };
		BF9AB997259B1E9C0008E8C1 /* ServeCollectionHeaderView.swift */ = {isa = PBXFileReference; lastKnownFileType = sourcecode.swift; path = ServeCollectionHeaderView.swift; sourceTree = "<group>"; };
		BFBE76912598BE4B00EA0BF9 /* MainTabBarViewController.swift */ = {isa = PBXFileReference; lastKnownFileType = sourcecode.swift; path = MainTabBarViewController.swift; sourceTree = "<group>"; };
		BFF2CE312598BB5E00155F4F /* RJBilibili.app */ = {isa = PBXFileReference; explicitFileType = wrapper.application; includeInIndex = 0; path = RJBilibili.app; sourceTree = BUILT_PRODUCTS_DIR; };
		BFF2CE342598BB5E00155F4F /* AppDelegate.swift */ = {isa = PBXFileReference; lastKnownFileType = sourcecode.swift; path = AppDelegate.swift; sourceTree = "<group>"; };
		BFF2CE382598BB5E00155F4F /* ViewController.swift */ = {isa = PBXFileReference; lastKnownFileType = sourcecode.swift; path = ViewController.swift; sourceTree = "<group>"; };
		BFF2CE3B2598BB5E00155F4F /* Base */ = {isa = PBXFileReference; lastKnownFileType = file.storyboard; name = Base; path = Base.lproj/Main.storyboard; sourceTree = "<group>"; };
		BFF2CE3D2598BB5F00155F4F /* Assets.xcassets */ = {isa = PBXFileReference; lastKnownFileType = folder.assetcatalog; path = Assets.xcassets; sourceTree = "<group>"; };
		BFF2CE402598BB5F00155F4F /* Base */ = {isa = PBXFileReference; lastKnownFileType = file.storyboard; name = Base; path = Base.lproj/LaunchScreen.storyboard; sourceTree = "<group>"; };
		BFF2CE422598BB5F00155F4F /* RJBilibiliInfo.plist */ = {isa = PBXFileReference; lastKnownFileType = text.plist.xml; path = RJBilibiliInfo.plist; sourceTree = "<group>"; };
		BFF2CE472598BB5F00155F4F /* RJBilibiliTests.xctest */ = {isa = PBXFileReference; explicitFileType = wrapper.cfbundle; includeInIndex = 0; path = RJBilibiliTests.xctest; sourceTree = BUILT_PRODUCTS_DIR; };
		BFF2CE4B2598BB6000155F4F /* RJBilibiliTests.swift */ = {isa = PBXFileReference; lastKnownFileType = sourcecode.swift; path = RJBilibiliTests.swift; sourceTree = "<group>"; };
		BFF2CE4D2598BB6000155F4F /* Info.plist */ = {isa = PBXFileReference; lastKnownFileType = text.plist.xml; path = Info.plist; sourceTree = "<group>"; };
		BFF2CE522598BB6000155F4F /* RJBilibiliUITests.xctest */ = {isa = PBXFileReference; explicitFileType = wrapper.cfbundle; includeInIndex = 0; path = RJBilibiliUITests.xctest; sourceTree = BUILT_PRODUCTS_DIR; };
		BFF2CE562598BB6000155F4F /* RJBilibiliUITests.swift */ = {isa = PBXFileReference; lastKnownFileType = sourcecode.swift; path = RJBilibiliUITests.swift; sourceTree = "<group>"; };
		BFF2CE582598BB6000155F4F /* Info.plist */ = {isa = PBXFileReference; lastKnownFileType = text.plist.xml; path = Info.plist; sourceTree = "<group>"; };
		E59F4F5D774D59DA5FA1F31C /* Pods-RJBilibili.release.xcconfig */ = {isa = PBXFileReference; includeInIndex = 1; lastKnownFileType = text.xcconfig; name = "Pods-RJBilibili.release.xcconfig"; path = "Target Support Files/Pods-RJBilibili/Pods-RJBilibili.release.xcconfig"; sourceTree = "<group>"; };
/* End PBXFileReference section */

/* Begin PBXFrameworksBuildPhase section */
		BFF2CE2E2598BB5E00155F4F /* Frameworks */ = {
			isa = PBXFrameworksBuildPhase;
			buildActionMask = 2147483647;
			files = (
				75E51F968D534DE1E747A685 /* Pods_RJBilibili.framework in Frameworks */,
			);
			runOnlyForDeploymentPostprocessing = 0;
		};
		BFF2CE442598BB5F00155F4F /* Frameworks */ = {
			isa = PBXFrameworksBuildPhase;
			buildActionMask = 2147483647;
			files = (
			);
			runOnlyForDeploymentPostprocessing = 0;
		};
		BFF2CE4F2598BB6000155F4F /* Frameworks */ = {
			isa = PBXFrameworksBuildPhase;
			buildActionMask = 2147483647;
			files = (
			);
			runOnlyForDeploymentPostprocessing = 0;
		};
/* End PBXFrameworksBuildPhase section */

/* Begin PBXGroup section */
		BF2B45802598C1C7001581F3 /* Home */ = {
			isa = PBXGroup;
			children = (
				BF66796A25A2ACED00341474 /* Hot */,
				BF2B45822598C1C7001581F3 /* Controllers */,
				BF2B45812598C1C7001581F3 /* Models */,
				BF2B45832598C1C7001581F3 /* Views */,
			);
			path = Home;
			sourceTree = "<group>";
		};
		BF2B45812598C1C7001581F3 /* Models */ = {
			isa = PBXGroup;
			children = (
			);
			path = Models;
			sourceTree = "<group>";
		};
		BF2B45822598C1C7001581F3 /* Controllers */ = {
			isa = PBXGroup;
			children = (
				BF2B45912598C1E8001581F3 /* HomeViewController.swift */,
			);
			path = Controllers;
			sourceTree = "<group>";
		};
		BF2B45832598C1C7001581F3 /* Views */ = {
			isa = PBXGroup;
			children = (
			);
			path = Views;
			sourceTree = "<group>";
		};
		BF2B45842598C1C7001581F3 /* Trend */ = {
			isa = PBXGroup;
			children = (
				BF2B45862598C1C7001581F3 /* Controllers */,
				BF2B45852598C1C7001581F3 /* Models */,
				BF2B45872598C1C7001581F3 /* Views */,
			);
			path = Trend;
			sourceTree = "<group>";
		};
		BF2B45852598C1C7001581F3 /* Models */ = {
			isa = PBXGroup;
			children = (
			);
			path = Models;
			sourceTree = "<group>";
		};
		BF2B45862598C1C7001581F3 /* Controllers */ = {
			isa = PBXGroup;
			children = (
				BF2B45A12598C21D001581F3 /* TrendViewController.swift */,
			);
			path = Controllers;
			sourceTree = "<group>";
		};
		BF2B45872598C1C7001581F3 /* Views */ = {
			isa = PBXGroup;
			children = (
			);
			path = Views;
			sourceTree = "<group>";
		};
		BF2B45882598C1C7001581F3 /* Channel */ = {
			isa = PBXGroup;
			children = (
				BF2B458A2598C1C7001581F3 /* Controllers */,
				BF2B45892598C1C7001581F3 /* Models */,
				BF2B458B2598C1C7001581F3 /* Views */,
			);
			path = Channel;
			sourceTree = "<group>";
		};
		BF2B45892598C1C7001581F3 /* Models */ = {
			isa = PBXGroup;
			children = (
			);
			path = Models;
			sourceTree = "<group>";
		};
		BF2B458A2598C1C7001581F3 /* Controllers */ = {
			isa = PBXGroup;
			children = (
				BF2B459C2598C217001581F3 /* ChannelViewController.swift */,
			);
			path = Controllers;
			sourceTree = "<group>";
		};
		BF2B458B2598C1C7001581F3 /* Views */ = {
			isa = PBXGroup;
			children = (
			);
			path = Views;
			sourceTree = "<group>";
		};
		BF2B458C2598C1C7001581F3 /* Shopping */ = {
			isa = PBXGroup;
			children = (
				BF2B45992598C205001581F3 /* Controllers */,
				BF2B459A2598C205001581F3 /* Models */,
				BF2B459B2598C205001581F3 /* Views */,
			);
			path = Shopping;
			sourceTree = "<group>";
		};
		BF2B458D2598C1C7001581F3 /* My */ = {
			isa = PBXGroup;
			children = (
				BF2B458F2598C1C7001581F3 /* Controllers */,
				BF2B458E2598C1C7001581F3 /* Models */,
				BF2B45902598C1C7001581F3 /* Views */,
			);
			path = My;
			sourceTree = "<group>";
		};
		BF2B458E2598C1C7001581F3 /* Models */ = {
			isa = PBXGroup;
			children = (
			);
			path = Models;
			sourceTree = "<group>";
		};
		BF2B458F2598C1C7001581F3 /* Controllers */ = {
			isa = PBXGroup;
			children = (
				BF2B45AB2598C22E001581F3 /* MyViewController.swift */,
			);
			path = Controllers;
			sourceTree = "<group>";
		};
		BF2B45902598C1C7001581F3 /* Views */ = {
			isa = PBXGroup;
			children = (
				BF9AB989259B0F070008E8C1 /* ServeCollectionViewCell.swift */,
				BF9AB997259B1E9C0008E8C1 /* ServeCollectionHeaderView.swift */,
			);
			path = Views;
			sourceTree = "<group>";
		};
		BF2B45992598C205001581F3 /* Controllers */ = {
			isa = PBXGroup;
			children = (
				BF2B45A62598C228001581F3 /* ShoppingViewController.swift */,
			);
			path = Controllers;
			sourceTree = "<group>";
		};
		BF2B459A2598C205001581F3 /* Models */ = {
			isa = PBXGroup;
			children = (
			);
			path = Models;
			sourceTree = "<group>";
		};
		BF2B459B2598C205001581F3 /* Views */ = {
			isa = PBXGroup;
			children = (
			);
			path = Views;
			sourceTree = "<group>";
		};
		BF66796A25A2ACED00341474 /* Hot */ = {
			isa = PBXGroup;
			children = (
				BF66796C25A2ACED00341474 /* Controllers */,
				BF66796B25A2ACED00341474 /* Models */,
				BF66796D25A2ACED00341474 /* Views */,
			);
			path = Hot;
			sourceTree = "<group>";
		};
		BF66796B25A2ACED00341474 /* Models */ = {
			isa = PBXGroup;
			children = (
			);
			path = Models;
			sourceTree = "<group>";
		};
		BF66796C25A2ACED00341474 /* Controllers */ = {
			isa = PBXGroup;
			children = (
				BF66796E25A2AD0D00341474 /* HotViewController.swift */,
			);
			path = Controllers;
			sourceTree = "<group>";
		};
		BF66796D25A2ACED00341474 /* Views */ = {
			isa = PBXGroup;
			children = (
				BF779FE925A2F8E300F6ED6B /* HotTableViewCell.swift */,
				BF779FEE25A2FD2200F6ED6B /* HotTableViewHeaderView.swift */,
			);
			path = Views;
			sourceTree = "<group>";
		};
		BF8E88B8259DC96F00C25EEF /* Supporting Files */ = {
			isa = PBXGroup;
			children = (
				BFF2CE382598BB5E00155F4F /* ViewController.swift */,
				BFF2CE3A2598BB5E00155F4F /* Main.storyboard */,
				BFF2CE3D2598BB5F00155F4F /* Assets.xcassets */,
				BFF2CE3F2598BB5F00155F4F /* LaunchScreen.storyboard */,
				BFF2CE422598BB5F00155F4F /* RJBilibiliInfo.plist */,
			);
			path = "Supporting Files";
			sourceTree = "<group>";
		};
		BF8E88CB259DCA1900C25EEF /* Macro */ = {
			isa = PBXGroup;
			children = (
				BF8E88D6259DCC6200C25EEF /* AppMacro.swift */,
			);
			path = Macro;
			sourceTree = "<group>";
		};
		BF8E88CC259DCA2A00C25EEF /* Resource */ = {
			isa = PBXGroup;
			children = (
			);
			path = Resource;
			sourceTree = "<group>";
		};
		BF8E88CD259DCA3200C25EEF /* Vendor */ = {
			isa = PBXGroup;
			children = (
			);
			path = Vendor;
			sourceTree = "<group>";
		};
		BF8E88CE259DCA4300C25EEF /* General */ = {
			isa = PBXGroup;
			children = (
				BF779FFB25A303C500F6ED6B /* UIView+Frame.swift */,
			);
			path = General;
			sourceTree = "<group>";
		};
		BF8E88CF259DCA5C00C25EEF /* Helper */ = {
			isa = PBXGroup;
			children = (
			);
			path = Helper;
			sourceTree = "<group>";
		};
		BFBE76962598BE9E00EA0BF9 /* Main */ = {
			isa = PBXGroup;
			children = (
				BFBE76982598BE9E00EA0BF9 /* Controllers */,
				BFBE76972598BE9E00EA0BF9 /* Models */,
				BFBE76992598BE9F00EA0BF9 /* Views */,
			);
			path = Main;
			sourceTree = "<group>";
		};
		BFBE76972598BE9E00EA0BF9 /* Models */ = {
			isa = PBXGroup;
			children = (
			);
			path = Models;
			sourceTree = "<group>";
		};
		BFBE76982598BE9E00EA0BF9 /* Controllers */ = {
			isa = PBXGroup;
			children = (
				BFBE76912598BE4B00EA0BF9 /* MainTabBarViewController.swift */,
			);
			path = Controllers;
			sourceTree = "<group>";
		};
		BFBE76992598BE9F00EA0BF9 /* Views */ = {
			isa = PBXGroup;
			children = (
			);
			path = Views;
			sourceTree = "<group>";
		};
		BFF2CE282598BB5E00155F4F = {
			isa = PBXGroup;
			children = (
				BFF2CE332598BB5E00155F4F /* RJBilibili */,
				BFF2CE4A2598BB6000155F4F /* RJBilibiliTests */,
				BFF2CE552598BB6000155F4F /* RJBilibiliUITests */,
				BFF2CE322598BB5E00155F4F /* Products */,
				D84EF14D5478233561D5C0EC /* Pods */,
				CC29CE1848BDD00B04CF6449 /* Frameworks */,
			);
			sourceTree = "<group>";
		};
		BFF2CE322598BB5E00155F4F /* Products */ = {
			isa = PBXGroup;
			children = (
				BFF2CE312598BB5E00155F4F /* RJBilibili.app */,
				BFF2CE472598BB5F00155F4F /* RJBilibiliTests.xctest */,
				BFF2CE522598BB6000155F4F /* RJBilibiliUITests.xctest */,
			);
			name = Products;
			sourceTree = "<group>";
		};
		BFF2CE332598BB5E00155F4F /* RJBilibili */ = {
			isa = PBXGroup;
			children = (
				BFF2CE342598BB5E00155F4F /* AppDelegate.swift */,
				BFF2CE6D2598BE0900155F4F /* Classes */,
				BF8E88CF259DCA5C00C25EEF /* Helper */,
				BF8E88CE259DCA4300C25EEF /* General */,
				BF8E88CD259DCA3200C25EEF /* Vendor */,
				BF8E88CC259DCA2A00C25EEF /* Resource */,
				BF8E88CB259DCA1900C25EEF /* Macro */,
				BF8E88B8259DC96F00C25EEF /* Supporting Files */,
			);
			path = RJBilibili;
			sourceTree = "<group>";
		};
		BFF2CE4A2598BB6000155F4F /* RJBilibiliTests */ = {
			isa = PBXGroup;
			children = (
				BFF2CE4B2598BB6000155F4F /* RJBilibiliTests.swift */,
				BFF2CE4D2598BB6000155F4F /* Info.plist */,
			);
			path = RJBilibiliTests;
			sourceTree = "<group>";
		};
		BFF2CE552598BB6000155F4F /* RJBilibiliUITests */ = {
			isa = PBXGroup;
			children = (
				BFF2CE562598BB6000155F4F /* RJBilibiliUITests.swift */,
				BFF2CE582598BB6000155F4F /* Info.plist */,
			);
			path = RJBilibiliUITests;
			sourceTree = "<group>";
		};
		BFF2CE6D2598BE0900155F4F /* Classes */ = {
			isa = PBXGroup;
			children = (
				BFBE76962598BE9E00EA0BF9 /* Main */,
				BF2B45802598C1C7001581F3 /* Home */,
				BF2B45882598C1C7001581F3 /* Channel */,
				BF2B45842598C1C7001581F3 /* Trend */,
				BF2B458C2598C1C7001581F3 /* Shopping */,
				BF2B458D2598C1C7001581F3 /* My */,
			);
			path = Classes;
			sourceTree = "<group>";
		};
		CC29CE1848BDD00B04CF6449 /* Frameworks */ = {
			isa = PBXGroup;
			children = (
				B9ADB011A056881D699FCEEF /* Pods_RJBilibili.framework */,
			);
			name = Frameworks;
			sourceTree = "<group>";
		};
		D84EF14D5478233561D5C0EC /* Pods */ = {
			isa = PBXGroup;
			children = (
				68E2CC6002A2CE6D335E4D7F /* Pods-RJBilibili.debug.xcconfig */,
				E59F4F5D774D59DA5FA1F31C /* Pods-RJBilibili.release.xcconfig */,
			);
			path = Pods;
			sourceTree = "<group>";
		};
/* End PBXGroup section */

/* Begin PBXNativeTarget section */
		BFF2CE302598BB5E00155F4F /* RJBilibili */ = {
			isa = PBXNativeTarget;
			buildConfigurationList = BFF2CE5B2598BB6000155F4F /* Build configuration list for PBXNativeTarget "RJBilibili" */;
			buildPhases = (
				8A221A8BA514F104F83A9408 /* [CP] Check Pods Manifest.lock */,
				BFF2CE2D2598BB5E00155F4F /* Sources */,
				BFF2CE2E2598BB5E00155F4F /* Frameworks */,
				BFF2CE2F2598BB5E00155F4F /* Resources */,
				03D2D5DB5170B8F15E119769 /* [CP] Embed Pods Frameworks */,
			);
			buildRules = (
			);
			dependencies = (
			);
			name = RJBilibili;
			productName = RJBilibili;
			productReference = BFF2CE312598BB5E00155F4F /* RJBilibili.app */;
			productType = "com.apple.product-type.application";
		};
		BFF2CE462598BB5F00155F4F /* RJBilibiliTests */ = {
			isa = PBXNativeTarget;
			buildConfigurationList = BFF2CE5E2598BB6000155F4F /* Build configuration list for PBXNativeTarget "RJBilibiliTests" */;
			buildPhases = (
				BFF2CE432598BB5F00155F4F /* Sources */,
				BFF2CE442598BB5F00155F4F /* Frameworks */,
				BFF2CE452598BB5F00155F4F /* Resources */,
			);
			buildRules = (
			);
			dependencies = (
				BFF2CE492598BB6000155F4F /* PBXTargetDependency */,
			);
			name = RJBilibiliTests;
			productName = RJBilibiliTests;
			productReference = BFF2CE472598BB5F00155F4F /* RJBilibiliTests.xctest */;
			productType = "com.apple.product-type.bundle.unit-test";
		};
		BFF2CE512598BB6000155F4F /* RJBilibiliUITests */ = {
			isa = PBXNativeTarget;
			buildConfigurationList = BFF2CE612598BB6000155F4F /* Build configuration list for PBXNativeTarget "RJBilibiliUITests" */;
			buildPhases = (
				BFF2CE4E2598BB6000155F4F /* Sources */,
				BFF2CE4F2598BB6000155F4F /* Frameworks */,
				BFF2CE502598BB6000155F4F /* Resources */,
			);
			buildRules = (
			);
			dependencies = (
				BFF2CE542598BB6000155F4F /* PBXTargetDependency */,
			);
			name = RJBilibiliUITests;
			productName = RJBilibiliUITests;
			productReference = BFF2CE522598BB6000155F4F /* RJBilibiliUITests.xctest */;
			productType = "com.apple.product-type.bundle.ui-testing";
		};
/* End PBXNativeTarget section */

/* Begin PBXProject section */
		BFF2CE292598BB5E00155F4F /* Project object */ = {
			isa = PBXProject;
			attributes = {
				CLASSPREFIX = "";
				LastSwiftUpdateCheck = 1230;
				LastUpgradeCheck = 1230;
				ORGANIZATIONNAME = RJSoft;
				TargetAttributes = {
					BFF2CE302598BB5E00155F4F = {
						CreatedOnToolsVersion = 12.3;
					};
					BFF2CE462598BB5F00155F4F = {
						CreatedOnToolsVersion = 12.3;
						TestTargetID = BFF2CE302598BB5E00155F4F;
					};
					BFF2CE512598BB6000155F4F = {
						CreatedOnToolsVersion = 12.3;
						TestTargetID = BFF2CE302598BB5E00155F4F;
					};
				};
			};
			buildConfigurationList = BFF2CE2C2598BB5E00155F4F /* Build configuration list for PBXProject "RJBilibili" */;
			compatibilityVersion = "Xcode 9.3";
			developmentRegion = en;
			hasScannedForEncodings = 0;
			knownRegions = (
				en,
				Base,
			);
			mainGroup = BFF2CE282598BB5E00155F4F;
			productRefGroup = BFF2CE322598BB5E00155F4F /* Products */;
			projectDirPath = "";
			projectRoot = "";
			targets = (
				BFF2CE302598BB5E00155F4F /* RJBilibili */,
				BFF2CE462598BB5F00155F4F /* RJBilibiliTests */,
				BFF2CE512598BB6000155F4F /* RJBilibiliUITests */,
			);
		};
/* End PBXProject section */

/* Begin PBXResourcesBuildPhase section */
		BFF2CE2F2598BB5E00155F4F /* Resources */ = {
			isa = PBXResourcesBuildPhase;
			buildActionMask = 2147483647;
			files = (
				BFF2CE412598BB5F00155F4F /* LaunchScreen.storyboard in Resources */,
				BFF2CE3E2598BB5F00155F4F /* Assets.xcassets in Resources */,
				BFF2CE3C2598BB5E00155F4F /* Main.storyboard in Resources */,
			);
			runOnlyForDeploymentPostprocessing = 0;
		};
		BFF2CE452598BB5F00155F4F /* Resources */ = {
			isa = PBXResourcesBuildPhase;
			buildActionMask = 2147483647;
			files = (
			);
			runOnlyForDeploymentPostprocessing = 0;
		};
		BFF2CE502598BB6000155F4F /* Resources */ = {
			isa = PBXResourcesBuildPhase;
			buildActionMask = 2147483647;
			files = (
			);
			runOnlyForDeploymentPostprocessing = 0;
		};
/* End PBXResourcesBuildPhase section */

/* Begin PBXShellScriptBuildPhase section */
		03D2D5DB5170B8F15E119769 /* [CP] Embed Pods Frameworks */ = {
			isa = PBXShellScriptBuildPhase;
			buildActionMask = 2147483647;
			files = (
			);
			inputFileListPaths = (
				"${PODS_ROOT}/Target Support Files/Pods-RJBilibili/Pods-RJBilibili-frameworks-${CONFIGURATION}-input-files.xcfilelist",
			);
			name = "[CP] Embed Pods Frameworks";
			outputFileListPaths = (
				"${PODS_ROOT}/Target Support Files/Pods-RJBilibili/Pods-RJBilibili-frameworks-${CONFIGURATION}-output-files.xcfilelist",
			);
			runOnlyForDeploymentPostprocessing = 0;
			shellPath = /bin/sh;
			shellScript = "\"${PODS_ROOT}/Target Support Files/Pods-RJBilibili/Pods-RJBilibili-frameworks.sh\"\n";
			showEnvVarsInLog = 0;
		};
		8A221A8BA514F104F83A9408 /* [CP] Check Pods Manifest.lock */ = {
			isa = PBXShellScriptBuildPhase;
			buildActionMask = 2147483647;
			files = (
			);
			inputFileListPaths = (
			);
			inputPaths = (
				"${PODS_PODFILE_DIR_PATH}/Podfile.lock",
				"${PODS_ROOT}/Manifest.lock",
			);
			name = "[CP] Check Pods Manifest.lock";
			outputFileListPaths = (
			);
			outputPaths = (
				"$(DERIVED_FILE_DIR)/Pods-RJBilibili-checkManifestLockResult.txt",
			);
			runOnlyForDeploymentPostprocessing = 0;
			shellPath = /bin/sh;
			shellScript = "diff \"${PODS_PODFILE_DIR_PATH}/Podfile.lock\" \"${PODS_ROOT}/Manifest.lock\" > /dev/null\nif [ $? != 0 ] ; then\n    # print error to STDERR\n    echo \"error: The sandbox is not in sync with the Podfile.lock. Run 'pod install' or update your CocoaPods installation.\" >&2\n    exit 1\nfi\n# This output is used by Xcode 'outputs' to avoid re-running this script phase.\necho \"SUCCESS\" > \"${SCRIPT_OUTPUT_FILE_0}\"\n";
			showEnvVarsInLog = 0;
		};
/* End PBXShellScriptBuildPhase section */

/* Begin PBXSourcesBuildPhase section */
		BFF2CE2D2598BB5E00155F4F /* Sources */ = {
			isa = PBXSourcesBuildPhase;
			buildActionMask = 2147483647;
			files = (
				BF66796F25A2AD0D00341474 /* HotViewController.swift in Sources */,
				BF779FEF25A2FD2200F6ED6B /* HotTableViewHeaderView.swift in Sources */,
				BFBE76922598BE4B00EA0BF9 /* MainTabBarViewController.swift in Sources */,
				BF2B45922598C1E8001581F3 /* HomeViewController.swift in Sources */,
				BFF2CE392598BB5E00155F4F /* ViewController.swift in Sources */,
				BF2B45A72598C228001581F3 /* ShoppingViewController.swift in Sources */,
				BF2B45AC2598C22E001581F3 /* MyViewController.swift in Sources */,
				BFF2CE352598BB5E00155F4F /* AppDelegate.swift in Sources */,
				BF8E88D7259DCC6200C25EEF /* AppMacro.swift in Sources */,
				BF779FEA25A2F8E300F6ED6B /* HotTableViewCell.swift in Sources */,
				BF9AB98A259B0F070008E8C1 /* ServeCollectionViewCell.swift in Sources */,
				BF779FFC25A303C500F6ED6B /* UIView+Frame.swift in Sources */,
				BF9AB998259B1E9C0008E8C1 /* ServeCollectionHeaderView.swift in Sources */,
				BF2B45A22598C21D001581F3 /* TrendViewController.swift in Sources */,
				BF2B459D2598C217001581F3 /* ChannelViewController.swift in Sources */,
			);
			runOnlyForDeploymentPostprocessing = 0;
		};
		BFF2CE432598BB5F00155F4F /* Sources */ = {
			isa = PBXSourcesBuildPhase;
			buildActionMask = 2147483647;
			files = (
				BFF2CE4C2598BB6000155F4F /* RJBilibiliTests.swift in Sources */,
			);
			runOnlyForDeploymentPostprocessing = 0;
		};
		BFF2CE4E2598BB6000155F4F /* Sources */ = {
			isa = PBXSourcesBuildPhase;
			buildActionMask = 2147483647;
			files = (
				BFF2CE572598BB6000155F4F /* RJBilibiliUITests.swift in Sources */,
			);
			runOnlyForDeploymentPostprocessing = 0;
		};
/* End PBXSourcesBuildPhase section */

/* Begin PBXTargetDependency section */
		BFF2CE492598BB6000155F4F /* PBXTargetDependency */ = {
			isa = PBXTargetDependency;
			target = BFF2CE302598BB5E00155F4F /* RJBilibili */;
			targetProxy = BFF2CE482598BB6000155F4F /* PBXContainerItemProxy */;
		};
		BFF2CE542598BB6000155F4F /* PBXTargetDependency */ = {
			isa = PBXTargetDependency;
			target = BFF2CE302598BB5E00155F4F /* RJBilibili */;
			targetProxy = BFF2CE532598BB6000155F4F /* PBXContainerItemProxy */;
		};
/* End PBXTargetDependency section */

/* Begin PBXVariantGroup section */
		BFF2CE3A2598BB5E00155F4F /* Main.storyboard */ = {
			isa = PBXVariantGroup;
			children = (
				BFF2CE3B2598BB5E00155F4F /* Base */,
			);
			name = Main.storyboard;
			sourceTree = "<group>";
		};
		BFF2CE3F2598BB5F00155F4F /* LaunchScreen.storyboard */ = {
			isa = PBXVariantGroup;
			children = (
				BFF2CE402598BB5F00155F4F /* Base */,
			);
			name = LaunchScreen.storyboard;
			sourceTree = "<group>";
		};
/* End PBXVariantGroup section */

/* Begin XCBuildConfiguration section */
		BFF2CE592598BB6000155F4F /* Debug */ = {
			isa = XCBuildConfiguration;
			buildSettings = {
				ALWAYS_SEARCH_USER_PATHS = NO;
				CLANG_ANALYZER_NONNULL = YES;
				CLANG_ANALYZER_NUMBER_OBJECT_CONVERSION = YES_AGGRESSIVE;
				CLANG_CXX_LANGUAGE_STANDARD = "gnu++14";
				CLANG_CXX_LIBRARY = "libc++";
				CLANG_ENABLE_MODULES = YES;
				CLANG_ENABLE_OBJC_ARC = YES;
				CLANG_ENABLE_OBJC_WEAK = YES;
				CLANG_WARN_BLOCK_CAPTURE_AUTORELEASING = YES;
				CLANG_WARN_BOOL_CONVERSION = YES;
				CLANG_WARN_COMMA = YES;
				CLANG_WARN_CONSTANT_CONVERSION = YES;
				CLANG_WARN_DEPRECATED_OBJC_IMPLEMENTATIONS = YES;
				CLANG_WARN_DIRECT_OBJC_ISA_USAGE = YES_ERROR;
				CLANG_WARN_DOCUMENTATION_COMMENTS = YES;
				CLANG_WARN_EMPTY_BODY = YES;
				CLANG_WARN_ENUM_CONVERSION = YES;
				CLANG_WARN_INFINITE_RECURSION = YES;
				CLANG_WARN_INT_CONVERSION = YES;
				CLANG_WARN_NON_LITERAL_NULL_CONVERSION = YES;
				CLANG_WARN_OBJC_IMPLICIT_RETAIN_SELF = YES;
				CLANG_WARN_OBJC_LITERAL_CONVERSION = YES;
				CLANG_WARN_OBJC_ROOT_CLASS = YES_ERROR;
				CLANG_WARN_QUOTED_INCLUDE_IN_FRAMEWORK_HEADER = YES;
				CLANG_WARN_RANGE_LOOP_ANALYSIS = YES;
				CLANG_WARN_STRICT_PROTOTYPES = YES;
				CLANG_WARN_SUSPICIOUS_MOVE = YES;
				CLANG_WARN_UNGUARDED_AVAILABILITY = YES_AGGRESSIVE;
				CLANG_WARN_UNREACHABLE_CODE = YES;
				CLANG_WARN__DUPLICATE_METHOD_MATCH = YES;
				COPY_PHASE_STRIP = NO;
				DEBUG_INFORMATION_FORMAT = dwarf;
				ENABLE_STRICT_OBJC_MSGSEND = YES;
				ENABLE_TESTABILITY = YES;
				GCC_C_LANGUAGE_STANDARD = gnu11;
				GCC_DYNAMIC_NO_PIC = NO;
				GCC_NO_COMMON_BLOCKS = YES;
				GCC_OPTIMIZATION_LEVEL = 0;
				GCC_PREPROCESSOR_DEFINITIONS = (
					"DEBUG=1",
					"$(inherited)",
				);
				GCC_WARN_64_TO_32_BIT_CONVERSION = YES;
				GCC_WARN_ABOUT_RETURN_TYPE = YES_ERROR;
				GCC_WARN_UNDECLARED_SELECTOR = YES;
				GCC_WARN_UNINITIALIZED_AUTOS = YES_AGGRESSIVE;
				GCC_WARN_UNUSED_FUNCTION = YES;
				GCC_WARN_UNUSED_VARIABLE = YES;
				IPHONEOS_DEPLOYMENT_TARGET = 14.3;
				MTL_ENABLE_DEBUG_INFO = INCLUDE_SOURCE;
				MTL_FAST_MATH = YES;
				ONLY_ACTIVE_ARCH = YES;
				SDKROOT = iphoneos;
				SWIFT_ACTIVE_COMPILATION_CONDITIONS = DEBUG;
				SWIFT_OPTIMIZATION_LEVEL = "-Onone";
			};
			name = Debug;
		};
		BFF2CE5A2598BB6000155F4F /* Release */ = {
			isa = XCBuildConfiguration;
			buildSettings = {
				ALWAYS_SEARCH_USER_PATHS = NO;
				CLANG_ANALYZER_NONNULL = YES;
				CLANG_ANALYZER_NUMBER_OBJECT_CONVERSION = YES_AGGRESSIVE;
				CLANG_CXX_LANGUAGE_STANDARD = "gnu++14";
				CLANG_CXX_LIBRARY = "libc++";
				CLANG_ENABLE_MODULES = YES;
				CLANG_ENABLE_OBJC_ARC = YES;
				CLANG_ENABLE_OBJC_WEAK = YES;
				CLANG_WARN_BLOCK_CAPTURE_AUTORELEASING = YES;
				CLANG_WARN_BOOL_CONVERSION = YES;
				CLANG_WARN_COMMA = YES;
				CLANG_WARN_CONSTANT_CONVERSION = YES;
				CLANG_WARN_DEPRECATED_OBJC_IMPLEMENTATIONS = YES;
				CLANG_WARN_DIRECT_OBJC_ISA_USAGE = YES_ERROR;
				CLANG_WARN_DOCUMENTATION_COMMENTS = YES;
				CLANG_WARN_EMPTY_BODY = YES;
				CLANG_WARN_ENUM_CONVERSION = YES;
				CLANG_WARN_INFINITE_RECURSION = YES;
				CLANG_WARN_INT_CONVERSION = YES;
				CLANG_WARN_NON_LITERAL_NULL_CONVERSION = YES;
				CLANG_WARN_OBJC_IMPLICIT_RETAIN_SELF = YES;
				CLANG_WARN_OBJC_LITERAL_CONVERSION = YES;
				CLANG_WARN_OBJC_ROOT_CLASS = YES_ERROR;
				CLANG_WARN_QUOTED_INCLUDE_IN_FRAMEWORK_HEADER = YES;
				CLANG_WARN_RANGE_LOOP_ANALYSIS = YES;
				CLANG_WARN_STRICT_PROTOTYPES = YES;
				CLANG_WARN_SUSPICIOUS_MOVE = YES;
				CLANG_WARN_UNGUARDED_AVAILABILITY = YES_AGGRESSIVE;
				CLANG_WARN_UNREACHABLE_CODE = YES;
				CLANG_WARN__DUPLICATE_METHOD_MATCH = YES;
				COPY_PHASE_STRIP = NO;
				DEBUG_INFORMATION_FORMAT = "dwarf-with-dsym";
				ENABLE_NS_ASSERTIONS = NO;
				ENABLE_STRICT_OBJC_MSGSEND = YES;
				GCC_C_LANGUAGE_STANDARD = gnu11;
				GCC_NO_COMMON_BLOCKS = YES;
				GCC_WARN_64_TO_32_BIT_CONVERSION = YES;
				GCC_WARN_ABOUT_RETURN_TYPE = YES_ERROR;
				GCC_WARN_UNDECLARED_SELECTOR = YES;
				GCC_WARN_UNINITIALIZED_AUTOS = YES_AGGRESSIVE;
				GCC_WARN_UNUSED_FUNCTION = YES;
				GCC_WARN_UNUSED_VARIABLE = YES;
				IPHONEOS_DEPLOYMENT_TARGET = 14.3;
				MTL_ENABLE_DEBUG_INFO = NO;
				MTL_FAST_MATH = YES;
				SDKROOT = iphoneos;
				SWIFT_COMPILATION_MODE = wholemodule;
				SWIFT_OPTIMIZATION_LEVEL = "-O";
				VALIDATE_PRODUCT = YES;
			};
			name = Release;
		};
		BFF2CE5C2598BB6000155F4F /* Debug */ = {
			isa = XCBuildConfiguration;
			baseConfigurationReference = 68E2CC6002A2CE6D335E4D7F /* Pods-RJBilibili.debug.xcconfig */;
			buildSettings = {
				ASSETCATALOG_COMPILER_APPICON_NAME = AppIcon;
				ASSETCATALOG_COMPILER_GLOBAL_ACCENT_COLOR_NAME = AccentColor;
				CODE_SIGN_STYLE = Automatic;
				DEVELOPMENT_TEAM = RJ2G45B9KH;
				INFOPLIST_FILE = "RJBilibili/Supporting Files/RJBilibiliInfo.plist";
				IPHONEOS_DEPLOYMENT_TARGET = 10.0;
				LD_RUNPATH_SEARCH_PATHS = (
					"$(inherited)",
					"@executable_path/Frameworks",
				);
				PRODUCT_BUNDLE_IDENTIFIER = com.RJSoftware.RJBilibili;
				PRODUCT_NAME = "$(TARGET_NAME)";
				SWIFT_VERSION = 5.0;
				TARGETED_DEVICE_FAMILY = 1;
			};
			name = Debug;
		};
		BFF2CE5D2598BB6000155F4F /* Release */ = {
			isa = XCBuildConfiguration;
			baseConfigurationReference = E59F4F5D774D59DA5FA1F31C /* Pods-RJBilibili.release.xcconfig */;
			buildSettings = {
				ASSETCATALOG_COMPILER_APPICON_NAME = AppIcon;
				ASSETCATALOG_COMPILER_GLOBAL_ACCENT_COLOR_NAME = AccentColor;
				CODE_SIGN_STYLE = Automatic;
				DEVELOPMENT_TEAM = RJ2G45B9KH;
				INFOPLIST_FILE = "RJBilibili/Supporting Files/RJBilibiliInfo.plist";
				IPHONEOS_DEPLOYMENT_TARGET = 10.0;
				LD_RUNPATH_SEARCH_PATHS = (
					"$(inherited)",
					"@executable_path/Frameworks",
				);
				PRODUCT_BUNDLE_IDENTIFIER = com.RJSoftware.RJBilibili;
				PRODUCT_NAME = "$(TARGET_NAME)";
				SWIFT_VERSION = 5.0;
				TARGETED_DEVICE_FAMILY = 1;
			};
			name = Release;
		};
		BFF2CE5F2598BB6000155F4F /* Debug */ = {
			isa = XCBuildConfiguration;
			buildSettings = {
				ALWAYS_EMBED_SWIFT_STANDARD_LIBRARIES = YES;
				BUNDLE_LOADER = "$(TEST_HOST)";
				CODE_SIGN_STYLE = Automatic;
				DEVELOPMENT_TEAM = RJ2G45B9KH;
				INFOPLIST_FILE = RJBilibiliTests/Info.plist;
				IPHONEOS_DEPLOYMENT_TARGET = 14.3;
				LD_RUNPATH_SEARCH_PATHS = (
					"$(inherited)",
					"@executable_path/Frameworks",
					"@loader_path/Frameworks",
				);
				PRODUCT_BUNDLE_IDENTIFIER = com.RJSoftware.RJBilibiliTests;
				PRODUCT_NAME = "$(TARGET_NAME)";
				SWIFT_VERSION = 5.0;
				TARGETED_DEVICE_FAMILY = "1,2";
				TEST_HOST = "$(BUILT_PRODUCTS_DIR)/RJBilibili.app/RJBilibili";
			};
			name = Debug;
		};
		BFF2CE602598BB6000155F4F /* Release */ = {
			isa = XCBuildConfiguration;
			buildSettings = {
				ALWAYS_EMBED_SWIFT_STANDARD_LIBRARIES = YES;
				BUNDLE_LOADER = "$(TEST_HOST)";
				CODE_SIGN_STYLE = Automatic;
				DEVELOPMENT_TEAM = RJ2G45B9KH;
				INFOPLIST_FILE = RJBilibiliTests/Info.plist;
				IPHONEOS_DEPLOYMENT_TARGET = 14.3;
				LD_RUNPATH_SEARCH_PATHS = (
					"$(inherited)",
					"@executable_path/Frameworks",
					"@loader_path/Frameworks",
				);
				PRODUCT_BUNDLE_IDENTIFIER = com.RJSoftware.RJBilibiliTests;
				PRODUCT_NAME = "$(TARGET_NAME)";
				SWIFT_VERSION = 5.0;
				TARGETED_DEVICE_FAMILY = "1,2";
				TEST_HOST = "$(BUILT_PRODUCTS_DIR)/RJBilibili.app/RJBilibili";
			};
			name = Release;
		};
		BFF2CE622598BB6000155F4F /* Debug */ = {
			isa = XCBuildConfiguration;
			buildSettings = {
				ALWAYS_EMBED_SWIFT_STANDARD_LIBRARIES = YES;
				CODE_SIGN_STYLE = Automatic;
				DEVELOPMENT_TEAM = RJ2G45B9KH;
				INFOPLIST_FILE = RJBilibiliUITests/Info.plist;
				LD_RUNPATH_SEARCH_PATHS = (
					"$(inherited)",
					"@executable_path/Frameworks",
					"@loader_path/Frameworks",
				);
				PRODUCT_BUNDLE_IDENTIFIER = com.RJSoftware.RJBilibiliUITests;
				PRODUCT_NAME = "$(TARGET_NAME)";
				SWIFT_VERSION = 5.0;
				TARGETED_DEVICE_FAMILY = "1,2";
				TEST_TARGET_NAME = RJBilibili;
			};
			name = Debug;
		};
		BFF2CE632598BB6000155F4F /* Release */ = {
			isa = XCBuildConfiguration;
			buildSettings = {
				ALWAYS_EMBED_SWIFT_STANDARD_LIBRARIES = YES;
				CODE_SIGN_STYLE = Automatic;
				DEVELOPMENT_TEAM = RJ2G45B9KH;
				INFOPLIST_FILE = RJBilibiliUITests/Info.plist;
				LD_RUNPATH_SEARCH_PATHS = (
					"$(inherited)",
					"@executable_path/Frameworks",
					"@loader_path/Frameworks",
				);
				PRODUCT_BUNDLE_IDENTIFIER = com.RJSoftware.RJBilibiliUITests;
				PRODUCT_NAME = "$(TARGET_NAME)";
				SWIFT_VERSION = 5.0;
				TARGETED_DEVICE_FAMILY = "1,2";
				TEST_TARGET_NAME = RJBilibili;
			};
			name = Release;
		};
/* End XCBuildConfiguration section */

/* Begin XCConfigurationList section */
		BFF2CE2C2598BB5E00155F4F /* Build configuration list for PBXProject "RJBilibili" */ = {
			isa = XCConfigurationList;
			buildConfigurations = (
				BFF2CE592598BB6000155F4F /* Debug */,
				BFF2CE5A2598BB6000155F4F /* Release */,
			);
			defaultConfigurationIsVisible = 0;
			defaultConfigurationName = Release;
		};
		BFF2CE5B2598BB6000155F4F /* Build configuration list for PBXNativeTarget "RJBilibili" */ = {
			isa = XCConfigurationList;
			buildConfigurations = (
				BFF2CE5C2598BB6000155F4F /* Debug */,
				BFF2CE5D2598BB6000155F4F /* Release */,
			);
			defaultConfigurationIsVisible = 0;
			defaultConfigurationName = Release;
		};
		BFF2CE5E2598BB6000155F4F /* Build configuration list for PBXNativeTarget "RJBilibiliTests" */ = {
			isa = XCConfigurationList;
			buildConfigurations = (
				BFF2CE5F2598BB6000155F4F /* Debug */,
				BFF2CE602598BB6000155F4F /* Release */,
			);
			defaultConfigurationIsVisible = 0;
			defaultConfigurationName = Release;
		};
		BFF2CE612598BB6000155F4F /* Build configuration list for PBXNativeTarget "RJBilibiliUITests" */ = {
			isa = XCConfigurationList;
			buildConfigurations = (
				BFF2CE622598BB6000155F4F /* Debug */,
				BFF2CE632598BB6000155F4F /* Release */,
			);
			defaultConfigurationIsVisible = 0;
			defaultConfigurationName = Release;
		};
/* End XCConfigurationList section */
	};
	rootObject = BFF2CE292598BB5E00155F4F /* Project object */;
}
